
Microsoft Visual Studio Solution File, Format Version 12.00
# Visual Studio Version 16
VisualStudioVersion = 16.0.29215.179
MinimumVisualStudioVersion = 10.0.40219.1
Project("{FAE04EC0-301F-11D3-BF4B-00C04F79EFBC}") = "FoodForYou.Android", "FoodForYou\FoodForYou.Android\FoodForYou.Android.csproj", "{A5E0FC27-AA45-4397-907F-2580C1EF4964}"
EndProject
Project("{FAE04EC0-301F-11D3-BF4B-00C04F79EFBC}") = "FoodForYou.iOS", "FoodForYou\FoodForYou.iOS\FoodForYou.iOS.csproj", "{6C2EBAB7-3C28-468B-B7EE-E5DF98E70F83}"
EndProject
Project("{FAE04EC0-301F-11D3-BF4B-00C04F79EFBC}") = "FoodForYou", "FoodForYou\FoodForYou\FoodForYou.csproj", "{340C580A-6738-4A10-AF6F-4554DE5AE832}"
EndProject
Global
	GlobalSection(SolutionConfigurationPlatforms) = preSolution
		Debug|Any CPU = Debug|Any CPU
		Debug|iPhone = Debug|iPhone
		Debug|iPhoneSimulator = Debug|iPhoneSimulator
		Release|Any CPU = Release|Any CPU
		Release|iPhone = Release|iPhone
		Release|iPhoneSimulator = Release|iPhoneSimulator
	EndGlobalSection
	GlobalSection(ProjectConfigurationPlatforms) = postSolution
		{A5E0FC27-AA45-4397-907F-2580C1EF4964}.Debug|Any CPU.ActiveCfg = Debug|Any CPU
		{A5E0FC27-AA45-4397-907F-2580C1EF4964}.Debug|Any CPU.Build.0 = Debug|Any CPU
		{A5E0FC27-AA45-4397-907F-2580C1EF4964}.Debug|Any CPU.Deploy.0 = Debug|Any CPU
		{A5E0FC27-AA45-4397-907F-2580C1EF4964}.Debug|iPhone.ActiveCfg = Debug|Any CPU
		{A5E0FC27-AA45-4397-907F-2580C1EF4964}.Debug|iPhone.Build.0 = Debug|Any CPU
		{A5E0FC27-AA45-4397-907F-2580C1EF4964}.Debug|iPhone.Deploy.0 = Debug|Any CPU
		{A5E0FC27-AA45-4397-907F-2580C1EF4964}.Debug|iPhoneSimulator.ActiveCfg = Debug|Any CPU
		{A5E0FC27-AA45-4397-907F-2580C1EF4964}.Debug|iPhoneSimulator.Build.0 = Debug|Any CPU
		{A5E0FC27-AA45-4397-907F-2580C1EF4964}.Debug|iPhoneSimulator.Deploy.0 = Debug|Any CPU
		{A5E0FC27-AA45-4397-907F-2580C1EF4964}.Release|Any CPU.ActiveCfg = Release|Any CPU
		{A5E0FC27-AA45-4397-907F-2580C1EF4964}.Release|Any CPU.Build.0 = Release|Any CPU
		{A5E0FC27-AA45-4397-907F-2580C1EF4964}.Release|Any CPU.Deploy.0 = Release|Any CPU
		{A5E0FC27-AA45-4397-907F-2580C1EF4964}.Release|iPhone.ActiveCfg = Release|Any CPU
		{A5E0FC27-AA45-4397-907F-2580C1EF4964}.Release|iPhone.Build.0 = Release|Any CPU
		{A5E0FC27-AA45-4397-907F-2580C1EF4964}.Release|iPhone.Deploy.0 = Release|Any CPU
		{A5E0FC27-AA45-4397-907F-2580C1EF4964}.Release|iPhoneSimulator.ActiveCfg = Release|Any CPU
		{A5E0FC27-AA45-4397-907F-2580C1EF4964}.Release|iPhoneSimulator.Build.0 = Release|Any CPU
		{A5E0FC27-AA45-4397-907F-2580C1EF4964}.Release|iPhoneSimulator.Deploy.0 = Release|Any CPU
		{6C2EBAB7-3C28-468B-B7EE-E5DF98E70F83}.Debug|Any CPU.ActiveCfg = Debug|iPhoneSimulator
		{6C2EBAB7-3C28-468B-B7EE-E5DF98E70F83}.Debug|Any CPU.Build.0 = Debug|iPhoneSimulator
		{6C2EBAB7-3C28-468B-B7EE-E5DF98E70F83}.Debug|Any CPU.Deploy.0 = Debug|iPhoneSimulator
		{6C2EBAB7-3C28-468B-B7EE-E5DF98E70F83}.Debug|iPhone.ActiveCfg = Debug|iPhone
		{6C2EBAB7-3C28-468B-B7EE-E5DF98E70F83}.Debug|iPhone.Build.0 = Debug|iPhone
		{6C2EBAB7-3C28-468B-B7EE-E5DF98E70F83}.Debug|iPhone.Deploy.0 = Debug|iPhone
		{6C2EBAB7-3C28-468B-B7EE-E5DF98E70F83}.Debug|iPhoneSimulator.ActiveCfg = Debug|iPhoneSimulator
		{6C2EBAB7-3C28-468B-B7EE-E5DF98E70F83}.Debug|iPhoneSimulator.Build.0 = Debug|iPhoneSimulator
		{6C2EBAB7-3C28-468B-B7EE-E5DF98E70F83}.Debug|iPhoneSimulator.Deploy.0 = Debug|iPhoneSimulator
		{6C2EBAB7-3C28-468B-B7EE-E5DF98E70F83}.Release|Any CPU.ActiveCfg = Release|iPhone
		{6C2EBAB7-3C28-468B-B7EE-E5DF98E70F83}.Release|Any CPU.Build.0 = Release|iPhone
		{6C2EBAB7-3C28-468B-B7EE-E5DF98E70F83}.Release|Any CPU.Deploy.0 = Release|iPhone
		{6C2EBAB7-3C28-468B-B7EE-E5DF98E70F83}.Release|iPhone.ActiveCfg = Release|iPhone
		{6C2EBAB7-3C28-468B-B7EE-E5DF98E70F83}.Release|iPhone.Build.0 = Release|iPhone
		{6C2EBAB7-3C28-468B-B7EE-E5DF98E70F83}.Release|iPhone.Deploy.0 = Release|iPhone
		{6C2EBAB7-3C28-468B-B7EE-E5DF98E70F83}.Release|iPhoneSimulator.ActiveCfg = Release|iPhoneSimulator
		{6C2EBAB7-3C28-468B-B7EE-E5DF98E70F83}.Release|iPhoneSimulator.Build.0 = Release|iPhoneSimulator
		{6C2EBAB7-3C28-468B-B7EE-E5DF98E70F83}.Release|iPhoneSimulator.Deploy.0 = Release|iPhoneSimulator
		{340C580A-6738-4A10-AF6F-4554DE5AE832}.Debug|Any CPU.ActiveCfg = Debug|Any CPU
		{340C580A-6738-4A10-AF6F-4554DE5AE832}.Debug|Any CPU.Build.0 = Debug|Any CPU
		{340C580A-6738-4A10-AF6F-4554DE5AE832}.Debug|Any CPU.Deploy.0 = Debug|Any CPU
		{340C580A-6738-4A10-AF6F-4554DE5AE832}.Debug|iPhone.ActiveCfg = Debug|Any CPU
		{340C580A-6738-4A10-AF6F-4554DE5AE832}.Debug|iPhone.Build.0 = Debug|Any CPU
		{340C580A-6738-4A10-AF6F-4554DE5AE832}.Debug|iPhone.Deploy.0 = Debug|Any CPU
		{340C580A-6738-4A10-AF6F-4554DE5AE832}.Debug|iPhoneSimulator.ActiveCfg = Debug|Any CPU
		{340C580A-6738-4A10-AF6F-4554DE5AE832}.Debug|iPhoneSimulator.Build.0 = Debug|Any CPU
		{340C580A-6738-4A10-AF6F-4554DE5AE832}.Debug|iPhoneSimulator.Deploy.0 = Debug|Any CPU
		{340C580A-6738-4A10-AF6F-4554DE5AE832}.Release|Any CPU.ActiveCfg = Release|Any CPU
		{340C580A-6738-4A10-AF6F-4554DE5AE832}.Release|Any CPU.Build.0 = Release|Any CPU
		{340C580A-6738-4A10-AF6F-4554DE5AE832}.Release|Any CPU.Deploy.0 = Release|Any CPU
		{340C580A-6738-4A10-AF6F-4554DE5AE832}.Release|iPhone.ActiveCfg = Release|Any CPU
		{340C580A-6738-4A10-AF6F-4554DE5AE832}.Release|iPhone.Build.0 = Release|Any CPU
		{340C580A-6738-4A10-AF6F-4554DE5AE832}.Release|iPhone.Deploy.0 = Release|Any CPU
		{340C580A-6738-4A10-AF6F-4554DE5AE832}.Release|iPhoneSimulator.ActiveCfg = Release|Any CPU
		{340C580A-6738-4A10-AF6F-4554DE5AE832}.Release|iPhoneSimulator.Build.0 = Release|Any CPU
		{340C580A-6738-4A10-AF6F-4554DE5AE832}.Release|iPhoneSimulator.Deploy.0 = Release|Any CPU
	EndGlobalSection
	GlobalSection(SolutionProperties) = preSolution
		HideSolutionNode = FALSE
	EndGlobalSection
	GlobalSection(ExtensibilityGlobals) = postSolution
		SolutionGuid = {97F386B8-169D-46BD-9677-74F0D2884AD1}
	EndGlobalSection
EndGlobal
